{
  "requires": true,
  "lockfileVersion": 1,
  "dependencies": {
    "mp3-cutter": {
      "version": "1.0.6",
      "resolved": "https://registry.npmjs.org/mp3-cutter/-/mp3-cutter-1.0.6.tgz",
      "integrity": "sha512-5lEKhu9BFcf/9hZaiwGI5EFjL+ynwM9+IaDzxLTKgvG/JWJHLQgX65Xa/kOJgjJMNT1tuUkjpbjaiB735LFiyg=="
    }
  }
}
